{"1.1.0",
[{<<"ej">>,
  {git,"git://github.com/seth/ej.git",
       {ref,"132a9a3c0662a2377eaf7ebee694a496a0957160"}},
  0},
 {<<"envy">>,
  {git,"git://github.com/manderson26/envy.git",
       {ref,"0148fb4b7ed0e188511578e98b42d6e7dde0ebd1"}},
  1},
 {<<"epgsql">>,
  {git,"git://github.com/chef/epgsql-1.git",
       {ref,"89d4ff4b1c1edf8995432d1633fb5458eb156a46"}},
  1},
 {<<"goldrush">>,{pkg,<<"goldrush">>,<<"0.1.8">>},2},
 {<<"jiffy">>,
  {git,"https://github.com/davisp/jiffy.git",
       {ref,"e008c0c3fffb4f509c5ae6b73b960663d778f231"}},
  0},
 {<<"lager">>,{pkg,<<"lager">>,<<"3.2.1">>},1},
 {<<"mochiweb">>,{pkg,<<"mochiweb">>,<<"2.12.2">>},1},
 {<<"pooler">>,
  {git,"git://github.com/seth/pooler.git",
       {ref,"b6c522a67a1d067122705ef725535a8664dd8514"}},
  1},
 {<<"quickrand">>,
  {git,"https://github.com/okeuday/quickrand.git",
       {ref,"178c3340ae3f666bfa1fe0472a68e44dca552b1a"}},
  1},
 {<<"sqerl">>,
  {git,"https://github.com/chef/sqerl.git",
       {ref,"7e40908af7010b70212320e3d410dff31edfc7f9"}},
  0},
 {<<"uuid">>,
  {git,"git://github.com/okeuday/uuid.git",
       {ref,"15bd7676d29bec7bd967a2cab931006a4c968040"}},
  0}]}.
[
{pkg_hash,[
 {<<"goldrush">>, <<"2024BA375CEEA47E27EA70E14D2C483B2D8610101B4E852EF7F89163CDB6E649">>},
 {<<"lager">>, <<"EEF4E18B39E4195D37606D9088EA05BF1B745986CF8EC84F01D332456FE88D17">>},
 {<<"mochiweb">>, <<"80804AD342AFA3D7F3524040D4EED66CE74B17A555DE454AC85B07C479928E46">>}]}
].
