[{<<"mochiweb">>,{pkg,<<"mochiweb">>,<<"2.12.2">>},0},
 {<<"quickrand">>,
  {git,"https://github.com/okeuday/quickrand.git",
       {ref,"0395a10b94472ccbe38b62bbfa9d0fc1ddac1dd7"}},
  1},
 {<<"pooler">>,
  {git,"git://github.com/seth/pooler.git",
       {ref,"7bb8ab83c6f60475e6ef8867d3d5afa0b1dd4013"}},
  1},
 {<<"epgsql">>,
  {git,"git://github.com/chef/epgsql-1.git",
       {ref,"8632955e3d1347ec3dcdcdccfbe3359d30d8a8fb"}},
  1},
 {<<"envy">>,
  {git,"git://github.com/manderson26/envy.git",
       {ref,"e6ba39664a1016ed309ea44269247943de2eb16b"}},
  1},
 {<<"webmachine">>,
  {git,"git://github.com/webmachine/webmachine",
       {ref,"6455b9d8685d9006f45f73c15386f5e9686a8c56"}},
  0},
 {<<"uuid">>,
  {git,"git://github.com/okeuday/uuid.git",
       {ref,"f7c141c8359cd690faba0d2684b449a07db8e915"}},
  0},
 {<<"sqerl">>,
  {git,"https://github.com/chef/sqerl.git",
       {ref,"b38c466789df20c1d28551616394c02c4052a610"}},
  0},
 {<<"jiffy">>,
  {git,"https://github.com/davisp/jiffy.git",
       {ref,"e008c0c3fffb4f509c5ae6b73b960663d778f231"}},
  0},
 {<<"ej">>,
  {git,"git://github.com/seth/ej.git",
       {ref,"132a9a3c0662a2377eaf7ebee694a496a0957160"}},
  0}].
